
Microsoft Visual Studio Solution File, Format Version 12.00
# Visual Studio Version 16
VisualStudioVersion = 16.0.30114.105
MinimumVisualStudioVersion = 10.0.40219.1
Project("{FAE04EC0-301F-11D3-BF4B-00C04F79EFBC}") = "R5T.B0000", "R5T.B0000\R5T.B0000.csproj", "{3E5244CD-61A2-4A17-BA46-529639689EE8}"
EndProject
Project("{FAE04EC0-301F-11D3-BF4B-00C04F79EFBC}") = "R5T.B0000.Construction", "R5T.B0000.Construction\R5T.B0000.Construction.csproj", "{BB0063F3-509F-4A3F-92F9-E5C26E4D13F8}"
EndProject
Project("{FAE04EC0-301F-11D3-BF4B-00C04F79EFBC}") = "R5T.B0000.X001", "R5T.B0000.X001\R5T.B0000.X001.csproj", "{A7667951-26B0-4A6F-AA7E-7FBBFCE7F3D7}"
EndProject
Global
	GlobalSection(SolutionConfigurationPlatforms) = preSolution
		Debug|Any CPU = Debug|Any CPU
		Debug|x64 = Debug|x64
		Debug|x86 = Debug|x86
		Release|Any CPU = Release|Any CPU
		Release|x64 = Release|x64
		Release|x86 = Release|x86
	EndGlobalSection
	GlobalSection(SolutionProperties) = preSolution
		HideSolutionNode = FALSE
	EndGlobalSection
	GlobalSection(ProjectConfigurationPlatforms) = postSolution
		{3E5244CD-61A2-4A17-BA46-529639689EE8}.Debug|Any CPU.ActiveCfg = Debug|Any CPU
		{3E5244CD-61A2-4A17-BA46-529639689EE8}.Debug|Any CPU.Build.0 = Debug|Any CPU
		{3E5244CD-61A2-4A17-BA46-529639689EE8}.Debug|x64.ActiveCfg = Debug|Any CPU
		{3E5244CD-61A2-4A17-BA46-529639689EE8}.Debug|x64.Build.0 = Debug|Any CPU
		{3E5244CD-61A2-4A17-BA46-529639689EE8}.Debug|x86.ActiveCfg = Debug|Any CPU
		{3E5244CD-61A2-4A17-BA46-529639689EE8}.Debug|x86.Build.0 = Debug|Any CPU
		{3E5244CD-61A2-4A17-BA46-529639689EE8}.Release|Any CPU.ActiveCfg = Release|Any CPU
		{3E5244CD-61A2-4A17-BA46-529639689EE8}.Release|Any CPU.Build.0 = Release|Any CPU
		{3E5244CD-61A2-4A17-BA46-529639689EE8}.Release|x64.ActiveCfg = Release|Any CPU
		{3E5244CD-61A2-4A17-BA46-529639689EE8}.Release|x64.Build.0 = Release|Any CPU
		{3E5244CD-61A2-4A17-BA46-529639689EE8}.Release|x86.ActiveCfg = Release|Any CPU
		{3E5244CD-61A2-4A17-BA46-529639689EE8}.Release|x86.Build.0 = Release|Any CPU
		{BB0063F3-509F-4A3F-92F9-E5C26E4D13F8}.Debug|Any CPU.ActiveCfg = Debug|Any CPU
		{BB0063F3-509F-4A3F-92F9-E5C26E4D13F8}.Debug|Any CPU.Build.0 = Debug|Any CPU
		{BB0063F3-509F-4A3F-92F9-E5C26E4D13F8}.Debug|x64.ActiveCfg = Debug|Any CPU
		{BB0063F3-509F-4A3F-92F9-E5C26E4D13F8}.Debug|x64.Build.0 = Debug|Any CPU
		{BB0063F3-509F-4A3F-92F9-E5C26E4D13F8}.Debug|x86.ActiveCfg = Debug|Any CPU
		{BB0063F3-509F-4A3F-92F9-E5C26E4D13F8}.Debug|x86.Build.0 = Debug|Any CPU
		{BB0063F3-509F-4A3F-92F9-E5C26E4D13F8}.Release|Any CPU.ActiveCfg = Release|Any CPU
		{BB0063F3-509F-4A3F-92F9-E5C26E4D13F8}.Release|Any CPU.Build.0 = Release|Any CPU
		{BB0063F3-509F-4A3F-92F9-E5C26E4D13F8}.Release|x64.ActiveCfg = Release|Any CPU
		{BB0063F3-509F-4A3F-92F9-E5C26E4D13F8}.Release|x64.Build.0 = Release|Any CPU
		{BB0063F3-509F-4A3F-92F9-E5C26E4D13F8}.Release|x86.ActiveCfg = Release|Any CPU
		{BB0063F3-509F-4A3F-92F9-E5C26E4D13F8}.Release|x86.Build.0 = Release|Any CPU
		{A7667951-26B0-4A6F-AA7E-7FBBFCE7F3D7}.Debug|Any CPU.ActiveCfg = Debug|Any CPU
		{A7667951-26B0-4A6F-AA7E-7FBBFCE7F3D7}.Debug|Any CPU.Build.0 = Debug|Any CPU
		{A7667951-26B0-4A6F-AA7E-7FBBFCE7F3D7}.Debug|x64.ActiveCfg = Debug|Any CPU
		{A7667951-26B0-4A6F-AA7E-7FBBFCE7F3D7}.Debug|x64.Build.0 = Debug|Any CPU
		{A7667951-26B0-4A6F-AA7E-7FBBFCE7F3D7}.Debug|x86.ActiveCfg = Debug|Any CPU
		{A7667951-26B0-4A6F-AA7E-7FBBFCE7F3D7}.Debug|x86.Build.0 = Debug|Any CPU
		{A7667951-26B0-4A6F-AA7E-7FBBFCE7F3D7}.Release|Any CPU.ActiveCfg = Release|Any CPU
		{A7667951-26B0-4A6F-AA7E-7FBBFCE7F3D7}.Release|Any CPU.Build.0 = Release|Any CPU
		{A7667951-26B0-4A6F-AA7E-7FBBFCE7F3D7}.Release|x64.ActiveCfg = Release|Any CPU
		{A7667951-26B0-4A6F-AA7E-7FBBFCE7F3D7}.Release|x64.Build.0 = Release|Any CPU
		{A7667951-26B0-4A6F-AA7E-7FBBFCE7F3D7}.Release|x86.ActiveCfg = Release|Any CPU
		{A7667951-26B0-4A6F-AA7E-7FBBFCE7F3D7}.Release|x86.Build.0 = Release|Any CPU
	EndGlobalSection
EndGlobal
