
Microsoft Visual Studio Solution File, Format Version 12.00
# Visual Studio Version 16
VisualStudioVersion = 16.0.30114.105
MinimumVisualStudioVersion = 10.0.40219.1
Project("{9A19103F-16F7-4668-BE54-9A1E7A4F7556}") = "R5T.B0000", "R5T.B0000\R5T.B0000.csproj", "{CCA6C375-7687-47CE-BEA7-7E93814D2B03}"
EndProject
Project("{2150E333-8FDC-42A3-9474-1A3956D46DE8}") = "_Dependencies", "_Dependencies", "{C776902B-4378-4978-92E9-5B9B10F74C21}"
EndProject
Project("{9A19103F-16F7-4668-BE54-9A1E7A4F7556}") = "R5T.T0039.T002", "..\..\R5T.T0039\source\R5T.T0039.T002\R5T.T0039.T002.csproj", "{192D3D40-BC49-4B09-8114-B54FBC4F2EC1}"
EndProject
Project("{9A19103F-16F7-4668-BE54-9A1E7A4F7556}") = "R5T.B0000.X001", "R5T.B0000.X001\R5T.B0000.X001.csproj", "{BA292669-7FF3-4235-8A16-5037C269D790}"
EndProject
Global
	GlobalSection(SolutionConfigurationPlatforms) = preSolution
		Debug|Any CPU = Debug|Any CPU
		Debug|x64 = Debug|x64
		Debug|x86 = Debug|x86
		Release|Any CPU = Release|Any CPU
		Release|x64 = Release|x64
		Release|x86 = Release|x86
	EndGlobalSection
	GlobalSection(ProjectConfigurationPlatforms) = postSolution
		{CCA6C375-7687-47CE-BEA7-7E93814D2B03}.Debug|Any CPU.ActiveCfg = Debug|Any CPU
		{CCA6C375-7687-47CE-BEA7-7E93814D2B03}.Debug|Any CPU.Build.0 = Debug|Any CPU
		{CCA6C375-7687-47CE-BEA7-7E93814D2B03}.Debug|x64.ActiveCfg = Debug|Any CPU
		{CCA6C375-7687-47CE-BEA7-7E93814D2B03}.Debug|x64.Build.0 = Debug|Any CPU
		{CCA6C375-7687-47CE-BEA7-7E93814D2B03}.Debug|x86.ActiveCfg = Debug|Any CPU
		{CCA6C375-7687-47CE-BEA7-7E93814D2B03}.Debug|x86.Build.0 = Debug|Any CPU
		{CCA6C375-7687-47CE-BEA7-7E93814D2B03}.Release|Any CPU.ActiveCfg = Release|Any CPU
		{CCA6C375-7687-47CE-BEA7-7E93814D2B03}.Release|Any CPU.Build.0 = Release|Any CPU
		{CCA6C375-7687-47CE-BEA7-7E93814D2B03}.Release|x64.ActiveCfg = Release|Any CPU
		{CCA6C375-7687-47CE-BEA7-7E93814D2B03}.Release|x64.Build.0 = Release|Any CPU
		{CCA6C375-7687-47CE-BEA7-7E93814D2B03}.Release|x86.ActiveCfg = Release|Any CPU
		{CCA6C375-7687-47CE-BEA7-7E93814D2B03}.Release|x86.Build.0 = Release|Any CPU
		{192D3D40-BC49-4B09-8114-B54FBC4F2EC1}.Debug|Any CPU.ActiveCfg = Debug|Any CPU
		{192D3D40-BC49-4B09-8114-B54FBC4F2EC1}.Debug|Any CPU.Build.0 = Debug|Any CPU
		{192D3D40-BC49-4B09-8114-B54FBC4F2EC1}.Debug|x64.ActiveCfg = Debug|Any CPU
		{192D3D40-BC49-4B09-8114-B54FBC4F2EC1}.Debug|x64.Build.0 = Debug|Any CPU
		{192D3D40-BC49-4B09-8114-B54FBC4F2EC1}.Debug|x86.ActiveCfg = Debug|Any CPU
		{192D3D40-BC49-4B09-8114-B54FBC4F2EC1}.Debug|x86.Build.0 = Debug|Any CPU
		{192D3D40-BC49-4B09-8114-B54FBC4F2EC1}.Release|Any CPU.ActiveCfg = Release|Any CPU
		{192D3D40-BC49-4B09-8114-B54FBC4F2EC1}.Release|Any CPU.Build.0 = Release|Any CPU
		{192D3D40-BC49-4B09-8114-B54FBC4F2EC1}.Release|x64.ActiveCfg = Release|Any CPU
		{192D3D40-BC49-4B09-8114-B54FBC4F2EC1}.Release|x64.Build.0 = Release|Any CPU
		{192D3D40-BC49-4B09-8114-B54FBC4F2EC1}.Release|x86.ActiveCfg = Release|Any CPU
		{192D3D40-BC49-4B09-8114-B54FBC4F2EC1}.Release|x86.Build.0 = Release|Any CPU
		{BA292669-7FF3-4235-8A16-5037C269D790}.Debug|Any CPU.ActiveCfg = Debug|Any CPU
		{BA292669-7FF3-4235-8A16-5037C269D790}.Debug|Any CPU.Build.0 = Debug|Any CPU
		{BA292669-7FF3-4235-8A16-5037C269D790}.Debug|x64.ActiveCfg = Debug|Any CPU
		{BA292669-7FF3-4235-8A16-5037C269D790}.Debug|x64.Build.0 = Debug|Any CPU
		{BA292669-7FF3-4235-8A16-5037C269D790}.Debug|x86.ActiveCfg = Debug|Any CPU
		{BA292669-7FF3-4235-8A16-5037C269D790}.Debug|x86.Build.0 = Debug|Any CPU
		{BA292669-7FF3-4235-8A16-5037C269D790}.Release|Any CPU.ActiveCfg = Release|Any CPU
		{BA292669-7FF3-4235-8A16-5037C269D790}.Release|Any CPU.Build.0 = Release|Any CPU
		{BA292669-7FF3-4235-8A16-5037C269D790}.Release|x64.ActiveCfg = Release|Any CPU
		{BA292669-7FF3-4235-8A16-5037C269D790}.Release|x64.Build.0 = Release|Any CPU
		{BA292669-7FF3-4235-8A16-5037C269D790}.Release|x86.ActiveCfg = Release|Any CPU
		{BA292669-7FF3-4235-8A16-5037C269D790}.Release|x86.Build.0 = Release|Any CPU
	EndGlobalSection
	GlobalSection(SolutionProperties) = preSolution
		HideSolutionNode = FALSE
	EndGlobalSection
	GlobalSection(NestedProjects) = preSolution
		{192D3D40-BC49-4B09-8114-B54FBC4F2EC1} = {C776902B-4378-4978-92E9-5B9B10F74C21}
	EndGlobalSection
	GlobalSection(ExtensibilityGlobals) = postSolution
		SolutionGuid = {B2ED70D5-1EB0-43E2-9C96-01BA74C7FEBA}
	EndGlobalSection
EndGlobal
